
Microsoft Visual Studio Solution File, Format Version 12.00
# Visual Studio Version 17
VisualStudioVersion = 17.3.32922.545
MinimumVisualStudioVersion = 10.0.40219.1
Project("{FAE04EC0-301F-11D3-BF4B-00C04F79EFBC}") = "Homework4", "Homework4\Homework4.csproj", "{E4DDB4E8-FC15-4551-A0E2-ACCE8624D8A0}"
EndProject
Global
	GlobalSection(SolutionConfigurationPlatforms) = preSolution
		Debug|Any CPU = Debug|Any CPU
		Release|Any CPU = Release|Any CPU
	EndGlobalSection
	GlobalSection(ProjectConfigurationPlatforms) = postSolution
		{E4DDB4E8-FC15-4551-A0E2-ACCE8624D8A0}.Debug|Any CPU.ActiveCfg = Debug|Any CPU
		{E4DDB4E8-FC15-4551-A0E2-ACCE8624D8A0}.Debug|Any CPU.Build.0 = Debug|Any CPU
		{E4DDB4E8-FC15-4551-A0E2-ACCE8624D8A0}.Release|Any CPU.ActiveCfg = Release|Any CPU
		{E4DDB4E8-FC15-4551-A0E2-ACCE8624D8A0}.Release|Any CPU.Build.0 = Release|Any CPU
	EndGlobalSection
	GlobalSection(SolutionProperties) = preSolution
		HideSolutionNode = FALSE
	EndGlobalSection
	GlobalSection(ExtensibilityGlobals) = postSolution
		SolutionGuid = {B1C860C7-3746-4B8C-A346-29937D56E32A}
	EndGlobalSection
EndGlobal
