
Microsoft Visual Studio Solution File, Format Version 12.00
# Visual Studio Version 17
VisualStudioVersion = 17.3.32811.315
MinimumVisualStudioVersion = 10.0.40219.1
Project("{FAE04EC0-301F-11D3-BF4B-00C04F79EFBC}") = "Homework 2.2", "Homework 2.2\Homework 2.2.csproj", "{480BA728-0DFD-4EE3-8755-71ACF0593359}"
EndProject
Global
	GlobalSection(SolutionConfigurationPlatforms) = preSolution
		Debug|Any CPU = Debug|Any CPU
		Release|Any CPU = Release|Any CPU
	EndGlobalSection
	GlobalSection(ProjectConfigurationPlatforms) = postSolution
		{480BA728-0DFD-4EE3-8755-71ACF0593359}.Debug|Any CPU.ActiveCfg = Debug|Any CPU
		{480BA728-0DFD-4EE3-8755-71ACF0593359}.Debug|Any CPU.Build.0 = Debug|Any CPU
		{480BA728-0DFD-4EE3-8755-71ACF0593359}.Release|Any CPU.ActiveCfg = Release|Any CPU
		{480BA728-0DFD-4EE3-8755-71ACF0593359}.Release|Any CPU.Build.0 = Release|Any CPU
	EndGlobalSection
	GlobalSection(SolutionProperties) = preSolution
		HideSolutionNode = FALSE
	EndGlobalSection
	GlobalSection(ExtensibilityGlobals) = postSolution
		SolutionGuid = {894F1445-21A1-4D09-A14B-F4C81C394B93}
	EndGlobalSection
EndGlobal
